
Microsoft Visual Studio Solution File, Format Version 12.00
Project("{FAE04EC0-301F-11D3-BF4B-00C04F79EFBC}") = "ClientPlugin", "ClientPlugin\ClientPlugin.csproj", "{5102EF9E-E26D-4C1F-BD96-A8ADBA497336}"
EndProject
Project("{FAE04EC0-301F-11D3-BF4B-00C04F79EFBC}") = "TorchPlugin", "TorchPlugin\TorchPlugin.csproj", "{C2CF3ED2-C6AC-4DBD-AB9A-613A1EF67784}"
EndProject
Project("{FAE04EC0-301F-11D3-BF4B-00C04F79EFBC}") = "DedicatedPlugin", "DedicatedPlugin\DedicatedPlugin.csproj", "{0C6D02A0-BCEC-4918-9B31-F29879F30E89}"
EndProject
Project("{D954291E-2A0B-460D-934E-DC6B0785DB48}") = "Shared", "Shared\Shared.shproj", "{B127E405-3C0F-48C3-9F8E-7437E8F4E106}"
EndProject
Project("{2150E333-8FDC-42A3-9474-1A3956D46DE8}") = "Solution Items", "Solution Items", "{996521CB-551D-4C4A-88AA-BDF190AF72A1}"
	ProjectSection(SolutionItems) = preProject
		.gitignore = .gitignore
		CodeGenerator.py = CodeGenerator.py
		Edit-and-run-before-opening-solution.bat = Edit-and-run-before-opening-solution.bat
		README.md = README.md
	EndProjectSection
EndProject
Global
	GlobalSection(SolutionConfigurationPlatforms) = preSolution
		Debug|Any CPU = Debug|Any CPU
		Release|Any CPU = Release|Any CPU
	EndGlobalSection
	GlobalSection(ProjectConfigurationPlatforms) = postSolution
		{5102EF9E-E26D-4C1F-BD96-A8ADBA497336}.Debug|Any CPU.ActiveCfg = Debug|Any CPU
		{5102EF9E-E26D-4C1F-BD96-A8ADBA497336}.Release|Any CPU.ActiveCfg = Release|Any CPU
		{5102EF9E-E26D-4C1F-BD96-A8ADBA497336}.Debug|Any CPU.Build.0 = Debug|Any CPU
		{5102EF9E-E26D-4C1F-BD96-A8ADBA497336}.Debug|Any CPU.Deploy.0 = Debug|Any CPU
		{5102EF9E-E26D-4C1F-BD96-A8ADBA497336}.Release|Any CPU.Build.0 = Release|Any CPU
		{5102EF9E-E26D-4C1F-BD96-A8ADBA497336}.Release|Any CPU.Deploy.0 = Release|Any CPU
		{0C6D02A0-BCEC-4918-9B31-F29879F30E89}.Debug|Any CPU.ActiveCfg = Debug|Any CPU
		{0C6D02A0-BCEC-4918-9B31-F29879F30E89}.Release|Any CPU.ActiveCfg = Release|Any CPU
		{0C6D02A0-BCEC-4918-9B31-F29879F30E89}.Debug|Any CPU.Build.0 = Debug|Any CPU
		{0C6D02A0-BCEC-4918-9B31-F29879F30E89}.Debug|Any CPU.Deploy.0 = Debug|Any CPU
		{0C6D02A0-BCEC-4918-9B31-F29879F30E89}.Release|Any CPU.Build.0 = Release|Any CPU
		{0C6D02A0-BCEC-4918-9B31-F29879F30E89}.Release|Any CPU.Deploy.0 = Release|Any CPU
		{C2CF3ED2-C6AC-4DBD-AB9A-613A1EF67784}.Debug|Any CPU.ActiveCfg = Debug|Any CPU
		{C2CF3ED2-C6AC-4DBD-AB9A-613A1EF67784}.Release|Any CPU.ActiveCfg = Release|Any CPU
		{C2CF3ED2-C6AC-4DBD-AB9A-613A1EF67784}.Debug|Any CPU.Build.0 = Debug|Any CPU
		{C2CF3ED2-C6AC-4DBD-AB9A-613A1EF67784}.Debug|Any CPU.Deploy.0 = Debug|Any CPU
		{C2CF3ED2-C6AC-4DBD-AB9A-613A1EF67784}.Release|Any CPU.Build.0 = Release|Any CPU
		{C2CF3ED2-C6AC-4DBD-AB9A-613A1EF67784}.Release|Any CPU.Deploy.0 = Release|Any CPU
	EndGlobalSection
EndGlobal
